
Microsoft Visual Studio Solution File, Format Version 11.00
# Visual Studio 2010
Project("{FAE04EC0-301F-11D3-BF4B-00C04F79EFBC}") = "Assembly-CSharp", "Assembly-CSharp.csproj", "{20706d6c-9f1a-3a3a-6a70-9353dc246768}"
EndProject
Project("{FAE04EC0-301F-11D3-BF4B-00C04F79EFBC}") = "SingularityGroup.HotReload.Editor", "SingularityGroup.HotReload.Editor.csproj", "{ee0889cb-a72d-8e0f-c89e-6d456a51abae}"
EndProject
Project("{FAE04EC0-301F-11D3-BF4B-00C04F79EFBC}") = "SingularityGroup.HotReload.Runtime", "SingularityGroup.HotReload.Runtime.csproj", "{8411d287-465e-bb27-d868-2327ff4c06a2}"
EndProject
Project("{FAE04EC0-301F-11D3-BF4B-00C04F79EFBC}") = "Assembly-CSharp-Editor", "Assembly-CSharp-Editor.csproj", "{4842b70d-5516-bfa9-cf0e-8105dc9e4557}"
EndProject
Project("{FAE04EC0-301F-11D3-BF4B-00C04F79EFBC}") = "SingularityGroup.HotReload.Runtime.Public", "SingularityGroup.HotReload.Runtime.Public.csproj", "{6700c9d8-1e40-c3bf-db4d-d45c27e814a7}"
EndProject
Global
	GlobalSection(SolutionConfigurationPlatforms) = preSolution
		Debug|Any CPU = Debug|Any CPU
	EndGlobalSection
	GlobalSection(ProjectConfigurationPlatforms) = postSolution
		{20706d6c-9f1a-3a3a-6a70-9353dc246768}.Debug|Any CPU.ActiveCfg = Debug|Any CPU
		{20706d6c-9f1a-3a3a-6a70-9353dc246768}.Debug|Any CPU.Build.0 = Debug|Any CPU
		{ee0889cb-a72d-8e0f-c89e-6d456a51abae}.Debug|Any CPU.ActiveCfg = Debug|Any CPU
		{ee0889cb-a72d-8e0f-c89e-6d456a51abae}.Debug|Any CPU.Build.0 = Debug|Any CPU
		{8411d287-465e-bb27-d868-2327ff4c06a2}.Debug|Any CPU.ActiveCfg = Debug|Any CPU
		{8411d287-465e-bb27-d868-2327ff4c06a2}.Debug|Any CPU.Build.0 = Debug|Any CPU
		{4842b70d-5516-bfa9-cf0e-8105dc9e4557}.Debug|Any CPU.ActiveCfg = Debug|Any CPU
		{4842b70d-5516-bfa9-cf0e-8105dc9e4557}.Debug|Any CPU.Build.0 = Debug|Any CPU
		{6700c9d8-1e40-c3bf-db4d-d45c27e814a7}.Debug|Any CPU.ActiveCfg = Debug|Any CPU
		{6700c9d8-1e40-c3bf-db4d-d45c27e814a7}.Debug|Any CPU.Build.0 = Debug|Any CPU
	EndGlobalSection
	GlobalSection(SolutionProperties) = preSolution
		HideSolutionNode = FALSE
	EndGlobalSection
EndGlobal
