
Microsoft Visual Studio Solution File, Format Version 11.00
# Visual Studio 2010
Project("{FAE04EC0-301F-11D3-BF4B-00C04F79EFBC}") = "Assembly-CSharp", "Assembly-CSharp.csproj", "{20706d6c-9f1a-3a3a-6a70-9353dc246768}"
EndProject
Project("{FAE04EC0-301F-11D3-BF4B-00C04F79EFBC}") = "Assembly-CSharp-Editor", "Assembly-CSharp-Editor.csproj", "{4842b70d-5516-bfa9-cf0e-8105dc9e4557}"
EndProject
Project("{FAE04EC0-301F-11D3-BF4B-00C04F79EFBC}") = "Lofelt.NiceVibrations.Editor", "Lofelt.NiceVibrations.Editor.csproj", "{04581def-d788-38eb-984c-193a07c10df1}"
EndProject
Global
	GlobalSection(SolutionConfigurationPlatforms) = preSolution
		Debug|Any CPU = Debug|Any CPU
	EndGlobalSection
	GlobalSection(ProjectConfigurationPlatforms) = postSolution
		{20706d6c-9f1a-3a3a-6a70-9353dc246768}.Debug|Any CPU.ActiveCfg = Debug|Any CPU
		{20706d6c-9f1a-3a3a-6a70-9353dc246768}.Debug|Any CPU.Build.0 = Debug|Any CPU
		{4842b70d-5516-bfa9-cf0e-8105dc9e4557}.Debug|Any CPU.ActiveCfg = Debug|Any CPU
		{4842b70d-5516-bfa9-cf0e-8105dc9e4557}.Debug|Any CPU.Build.0 = Debug|Any CPU
		{04581def-d788-38eb-984c-193a07c10df1}.Debug|Any CPU.ActiveCfg = Debug|Any CPU
		{04581def-d788-38eb-984c-193a07c10df1}.Debug|Any CPU.Build.0 = Debug|Any CPU
	EndGlobalSection
	GlobalSection(SolutionProperties) = preSolution
		HideSolutionNode = FALSE
	EndGlobalSection
EndGlobal
